
Microsoft Visual Studio Solution File, Format Version 12.00
# Visual Studio Version 17
VisualStudioVersion = 17.14.36221.1
MinimumVisualStudioVersion = 10.0.40219.1
Project("{FAE04EC0-301F-11D3-BF4B-00C04F79EFBC}") = "LibraryManagement.Web", "LibraryManagement.Web\LibraryManagement.Web.csproj", "{C5E43BD6-CC75-4FAA-BA9E-8B06801620B4}"
EndProject
Global
	GlobalSection(SolutionConfigurationPlatforms) = preSolution
		Debug|Any CPU = Debug|Any CPU
		Release|Any CPU = Release|Any CPU
	EndGlobalSection
	GlobalSection(ProjectConfigurationPlatforms) = postSolution
		{C5E43BD6-CC75-4FAA-BA9E-8B06801620B4}.Debug|Any CPU.ActiveCfg = Debug|Any CPU
		{C5E43BD6-CC75-4FAA-BA9E-8B06801620B4}.Debug|Any CPU.Build.0 = Debug|Any CPU
		{C5E43BD6-CC75-4FAA-BA9E-8B06801620B4}.Release|Any CPU.ActiveCfg = Release|Any CPU
		{C5E43BD6-CC75-4FAA-BA9E-8B06801620B4}.Release|Any CPU.Build.0 = Release|Any CPU
	EndGlobalSection
	GlobalSection(SolutionProperties) = preSolution
		HideSolutionNode = FALSE
	EndGlobalSection
	GlobalSection(ExtensibilityGlobals) = postSolution
		SolutionGuid = {05A6E2D7-79CF-4418-8A84-82288E5789BB}
	EndGlobalSection
EndGlobal
